
Microsoft Visual Studio Solution File, Format Version 12.00
# Visual Studio Version 17
VisualStudioVersion = 17.0.31903.59
MinimumVisualStudioVersion = 10.0.40219.1
Project("{FAE04EC0-301F-11D3-BF4B-00C04F79EFBC}") = "E_Commerce.Domain", "E_Commerce.Domain\E_Commerce.Domain.csproj", "{ACE83769-84AA-492C-B18B-4CA102C30FC4}"
EndProject
Project("{FAE04EC0-301F-11D3-BF4B-00C04F79EFBC}") = "E_Commerce.Application", "E_Commerce.Application\E_Commerce.Application.csproj", "{11F76787-E78A-4D17-B451-B7247B29D29E}"
EndProject
Project("{FAE04EC0-301F-11D3-BF4B-00C04F79EFBC}") = "E_Commerce.Infrastructure", "E_Commerce.Infrastructure\E_Commerce.Infrastructure.csproj", "{F47E48F1-D439-4089-8E4B-67E062EF7384}"
EndProject
Project("{FAE04EC0-301F-11D3-BF4B-00C04F79EFBC}") = "E_Commerce.API", "E_Commerce.API\E_Commerce.API.csproj", "{E0761B3E-A130-4E33-9EC4-B6D88DF1EC41}"
EndProject
Project("{FAE04EC0-301F-11D3-BF4B-00C04F79EFBC}") = "E_Commerce.Tests", "E_Commerce.Tests\E_Commerce.Tests.csproj", "{E973B37C-16FA-4527-961C-247DC9790775}"
EndProject
Global
	GlobalSection(SolutionConfigurationPlatforms) = preSolution
		Debug|Any CPU = Debug|Any CPU
		Release|Any CPU = Release|Any CPU
	EndGlobalSection
	GlobalSection(SolutionProperties) = preSolution
		HideSolutionNode = FALSE
	EndGlobalSection
	GlobalSection(ProjectConfigurationPlatforms) = postSolution
		{ACE83769-84AA-492C-B18B-4CA102C30FC4}.Debug|Any CPU.ActiveCfg = Debug|Any CPU
		{ACE83769-84AA-492C-B18B-4CA102C30FC4}.Debug|Any CPU.Build.0 = Debug|Any CPU
		{ACE83769-84AA-492C-B18B-4CA102C30FC4}.Release|Any CPU.ActiveCfg = Release|Any CPU
		{ACE83769-84AA-492C-B18B-4CA102C30FC4}.Release|Any CPU.Build.0 = Release|Any CPU
		{11F76787-E78A-4D17-B451-B7247B29D29E}.Debug|Any CPU.ActiveCfg = Debug|Any CPU
		{11F76787-E78A-4D17-B451-B7247B29D29E}.Debug|Any CPU.Build.0 = Debug|Any CPU
		{11F76787-E78A-4D17-B451-B7247B29D29E}.Release|Any CPU.ActiveCfg = Release|Any CPU
		{11F76787-E78A-4D17-B451-B7247B29D29E}.Release|Any CPU.Build.0 = Release|Any CPU
		{F47E48F1-D439-4089-8E4B-67E062EF7384}.Debug|Any CPU.ActiveCfg = Debug|Any CPU
		{F47E48F1-D439-4089-8E4B-67E062EF7384}.Debug|Any CPU.Build.0 = Debug|Any CPU
		{F47E48F1-D439-4089-8E4B-67E062EF7384}.Release|Any CPU.ActiveCfg = Release|Any CPU
		{F47E48F1-D439-4089-8E4B-67E062EF7384}.Release|Any CPU.Build.0 = Release|Any CPU
		{E0761B3E-A130-4E33-9EC4-B6D88DF1EC41}.Debug|Any CPU.ActiveCfg = Debug|Any CPU
		{E0761B3E-A130-4E33-9EC4-B6D88DF1EC41}.Debug|Any CPU.Build.0 = Debug|Any CPU
		{E0761B3E-A130-4E33-9EC4-B6D88DF1EC41}.Release|Any CPU.ActiveCfg = Release|Any CPU
		{E0761B3E-A130-4E33-9EC4-B6D88DF1EC41}.Release|Any CPU.Build.0 = Release|Any CPU
		{E973B37C-16FA-4527-961C-247DC9790775}.Debug|Any CPU.ActiveCfg = Debug|Any CPU
		{E973B37C-16FA-4527-961C-247DC9790775}.Debug|Any CPU.Build.0 = Debug|Any CPU
		{E973B37C-16FA-4527-961C-247DC9790775}.Release|Any CPU.ActiveCfg = Release|Any CPU
		{E973B37C-16FA-4527-961C-247DC9790775}.Release|Any CPU.Build.0 = Release|Any CPU
	EndGlobalSection
EndGlobal
